// !$*UTF8*$!
{
	archiveVersion = 1;
	classes = {
	};
	objectVersion = 46;
	objects = {

/* Begin PBXBuildFile section */
		BF6A46D81B0B3FE30019DA04 /* main.m in Sources */ = {isa = PBXBuildFile; fileRef = BF6A46D71B0B3FE30019DA04 /* main.m */; };
		BF6A46DB1B0B3FE30019DA04 /* AppDelegate.m in Sources */ = {isa = PBXBuildFile; fileRef = BF6A46DA1B0B3FE30019DA04 /* AppDelegate.m */; };
		BF6A46DE1B0B3FE30019DA04 /* ViewController.m in Sources */ = {isa = PBXBuildFile; fileRef = BF6A46DD1B0B3FE30019DA04 /* ViewController.m */; };
		BF6A46E11B0B3FE30019DA04 /* Main.storyboard in Resources */ = {isa = PBXBuildFile; fileRef = BF6A46DF1B0B3FE30019DA04 /* Main.storyboard */; };
		BF6A46E31B0B3FE30019DA04 /* Images.xcassets in Resources */ = {isa = PBXBuildFile; fileRef = BF6A46E21B0B3FE30019DA04 /* Images.xcassets */; };
		BF6A46E61B0B3FE30019DA04 /* LaunchScreen.xib in Resources */ = {isa = PBXBuildFile; fileRef = BF6A46E41B0B3FE30019DA04 /* LaunchScreen.xib */; };
		BF6A46F21B0B3FE30019DA04 /* VideoCapture__PlayTests.m in Sources */ = {isa = PBXBuildFile; fileRef = BF6A46F11B0B3FE30019DA04 /* VideoCapture__PlayTests.m */; };
		BF6A47021B0B405C0019DA04 /* README.md in Sources */ = {isa = PBXBuildFile; fileRef = BF6A46FB1B0B405C0019DA04 /* README.md */; };
		BF6A47031B0B405C0019DA04 /* ShortVideoController.m in Sources */ = {isa = PBXBuildFile; fileRef = BF6A46FD1B0B405C0019DA04 /* ShortVideoController.m */; };
		BF6A47041B0B405C0019DA04 /* thumVideoView.m in Sources */ = {isa = PBXBuildFile; fileRef = BF6A46FF1B0B405C0019DA04 /* thumVideoView.m */; };
		BF6A47051B0B405C0019DA04 /* VideoRecord.m in Sources */ = {isa = PBXBuildFile; fileRef = BF6A47011B0B405C0019DA04 /* VideoRecord.m */; };
/* End PBXBuildFile section */

/* Begin PBXContainerItemProxy section */
		BF6A46EC1B0B3FE30019DA04 /* PBXContainerItemProxy */ = {
			isa = PBXContainerItemProxy;
			containerPortal = BF6A46CA1B0B3FE30019DA04 /* Project object */;
			proxyType = 1;
			remoteGlobalIDString = BF6A46D11B0B3FE30019DA04;
			remoteInfo = "VideoCapture--Play";
		};
/* End PBXContainerItemProxy section */

/* Begin PBXFileReference section */
		BF6A46D21B0B3FE30019DA04 /* VideoCapture--Play.app */ = {isa = PBXFileReference; explicitFileType = wrapper.application; includeInIndex = 0; path = "VideoCapture--Play.app"; sourceTree = BUILT_PRODUCTS_DIR; };
		BF6A46D61B0B3FE30019DA04 /* Info.plist */ = {isa = PBXFileReference; lastKnownFileType = text.plist.xml; path = Info.plist; sourceTree = "<group>"; };
		BF6A46D71B0B3FE30019DA04 /* main.m */ = {isa = PBXFileReference; lastKnownFileType = sourcecode.c.objc; path = main.m; sourceTree = "<group>"; };
		BF6A46D91B0B3FE30019DA04 /* AppDelegate.h */ = {isa = PBXFileReference; lastKnownFileType = sourcecode.c.h; path = AppDelegate.h; sourceTree = "<group>"; };
		BF6A46DA1B0B3FE30019DA04 /* AppDelegate.m */ = {isa = PBXFileReference; lastKnownFileType = sourcecode.c.objc; path = AppDelegate.m; sourceTree = "<group>"; };
		BF6A46DC1B0B3FE30019DA04 /* ViewController.h */ = {isa = PBXFileReference; lastKnownFileType = sourcecode.c.h; path = ViewController.h; sourceTree = "<group>"; };
		BF6A46DD1B0B3FE30019DA04 /* ViewController.m */ = {isa = PBXFileReference; lastKnownFileType = sourcecode.c.objc; path = ViewController.m; sourceTree = "<group>"; };
		BF6A46E01B0B3FE30019DA04 /* Base */ = {isa = PBXFileReference; lastKnownFileType = file.storyboard; name = Base; path = Base.lproj/Main.storyboard; sourceTree = "<group>"; };
		BF6A46E21B0B3FE30019DA04 /* Images.xcassets */ = {isa = PBXFileReference; lastKnownFileType = folder.assetcatalog; path = Images.xcassets; sourceTree = "<group>"; };
		BF6A46E51B0B3FE30019DA04 /* Base */ = {isa = PBXFileReference; lastKnownFileType = file.xib; name = Base; path = Base.lproj/LaunchScreen.xib; sourceTree = "<group>"; };
		BF6A46EB1B0B3FE30019DA04 /* VideoCapture--PlayTests.xctest */ = {isa = PBXFileReference; explicitFileType = wrapper.cfbundle; includeInIndex = 0; path = "VideoCapture--PlayTests.xctest"; sourceTree = BUILT_PRODUCTS_DIR; };
		BF6A46F01B0B3FE30019DA04 /* Info.plist */ = {isa = PBXFileReference; lastKnownFileType = text.plist.xml; path = Info.plist; sourceTree = "<group>"; };
		BF6A46F11B0B3FE30019DA04 /* VideoCapture__PlayTests.m */ = {isa = PBXFileReference; lastKnownFileType = sourcecode.c.objc; path = VideoCapture__PlayTests.m; sourceTree = "<group>"; };
		BF6A46FB1B0B405C0019DA04 /* README.md */ = {isa = PBXFileReference; fileEncoding = 4; lastKnownFileType = net.daringfireball.markdown; path = README.md; sourceTree = "<group>"; };
		BF6A46FC1B0B405C0019DA04 /* ShortVideoController.h */ = {isa = PBXFileReference; fileEncoding = 4; lastKnownFileType = sourcecode.c.h; path = ShortVideoController.h; sourceTree = "<group>"; };
		BF6A46FD1B0B405C0019DA04 /* ShortVideoController.m */ = {isa = PBXFileReference; fileEncoding = 4; lastKnownFileType = sourcecode.c.objc; path = ShortVideoController.m; sourceTree = "<group>"; };
		BF6A46FE1B0B405C0019DA04 /* thumVideoView.h */ = {isa = PBXFileReference; fileEncoding = 4; lastKnownFileType = sourcecode.c.h; path = thumVideoView.h; sourceTree = "<group>"; };
		BF6A46FF1B0B405C0019DA04 /* thumVideoView.m */ = {isa = PBXFileReference; fileEncoding = 4; lastKnownFileType = sourcecode.c.objc; path = thumVideoView.m; sourceTree = "<group>"; };
		BF6A47001B0B405C0019DA04 /* VideoRecord.h */ = {isa = PBXFileReference; fileEncoding = 4; lastKnownFileType = sourcecode.c.h; path = VideoRecord.h; sourceTree = "<group>"; };
		BF6A47011B0B405C0019DA04 /* VideoRecord.m */ = {isa = PBXFileReference; fileEncoding = 4; lastKnownFileType = sourcecode.c.objc; path = VideoRecord.m; sourceTree = "<group>"; };
/* End PBXFileReference section */

/* Begin PBXFrameworksBuildPhase section */
		BF6A46CF1B0B3FE30019DA04 /* Frameworks */ = {
			isa = PBXFrameworksBuildPhase;
			buildActionMask = 2147483647;
			files = (
			);
			runOnlyForDeploymentPostprocessing = 0;
		};
		BF6A46E81B0B3FE30019DA04 /* Frameworks */ = {
			isa = PBXFrameworksBuildPhase;
			buildActionMask = 2147483647;
			files = (
			);
			runOnlyForDeploymentPostprocessing = 0;
		};
/* End PBXFrameworksBuildPhase section */

/* Begin PBXGroup section */
		BF6A46C91B0B3FE30019DA04 = {
			isa = PBXGroup;
			children = (
				BF6A46D41B0B3FE30019DA04 /* VideoCapture--Play */,
				BF6A46EE1B0B3FE30019DA04 /* VideoCapture--PlayTests */,
				BF6A46D31B0B3FE30019DA04 /* Products */,
			);
			sourceTree = "<group>";
		};
		BF6A46D31B0B3FE30019DA04 /* Products */ = {
			isa = PBXGroup;
			children = (
				BF6A46D21B0B3FE30019DA04 /* VideoCapture--Play.app */,
				BF6A46EB1B0B3FE30019DA04 /* VideoCapture--PlayTests.xctest */,
			);
			name = Products;
			sourceTree = "<group>";
		};
		BF6A46D41B0B3FE30019DA04 /* VideoCapture--Play */ = {
			isa = PBXGroup;
			children = (
				BF83E55B1B0B42D80094C77B /* Class */,
				BF6A46D91B0B3FE30019DA04 /* AppDelegate.h */,
				BF6A46DA1B0B3FE30019DA04 /* AppDelegate.m */,
				BF6A46DC1B0B3FE30019DA04 /* ViewController.h */,
				BF6A46DD1B0B3FE30019DA04 /* ViewController.m */,
				BF6A46DF1B0B3FE30019DA04 /* Main.storyboard */,
				BF6A46E21B0B3FE30019DA04 /* Images.xcassets */,
				BF6A46E41B0B3FE30019DA04 /* LaunchScreen.xib */,
				BF6A46D51B0B3FE30019DA04 /* Supporting Files */,
			);
			path = "VideoCapture--Play";
			sourceTree = "<group>";
		};
		BF6A46D51B0B3FE30019DA04 /* Supporting Files */ = {
			isa = PBXGroup;
			children = (
				BF6A46FB1B0B405C0019DA04 /* README.md */,
				BF6A46D61B0B3FE30019DA04 /* Info.plist */,
				BF6A46D71B0B3FE30019DA04 /* main.m */,
			);
			name = "Supporting Files";
			sourceTree = "<group>";
		};
		BF6A46EE1B0B3FE30019DA04 /* VideoCapture--PlayTests */ = {
			isa = PBXGroup;
			children = (
				BF6A46F11B0B3FE30019DA04 /* VideoCapture__PlayTests.m */,
				BF6A46EF1B0B3FE30019DA04 /* Supporting Files */,
			);
			path = "VideoCapture--PlayTests";
			sourceTree = "<group>";
		};
		BF6A46EF1B0B3FE30019DA04 /* Supporting Files */ = {
			isa = PBXGroup;
			children = (
				BF6A46F01B0B3FE30019DA04 /* Info.plist */,
			);
			name = "Supporting Files";
			sourceTree = "<group>";
		};
		BF83E55B1B0B42D80094C77B /* Class */ = {
			isa = PBXGroup;
			children = (
				BF6A46FC1B0B405C0019DA04 /* ShortVideoController.h */,
				BF6A46FD1B0B405C0019DA04 /* ShortVideoController.m */,
				BF6A46FE1B0B405C0019DA04 /* thumVideoView.h */,
				BF6A46FF1B0B405C0019DA04 /* thumVideoView.m */,
				BF6A47001B0B405C0019DA04 /* VideoRecord.h */,
				BF6A47011B0B405C0019DA04 /* VideoRecord.m */,
			);
			name = Class;
			sourceTree = "<group>";
		};
/* End PBXGroup section */

/* Begin PBXNativeTarget section */
		BF6A46D11B0B3FE30019DA04 /* VideoCapture--Play */ = {
			isa = PBXNativeTarget;
			buildConfigurationList = BF6A46F51B0B3FE30019DA04 /* Build configuration list for PBXNativeTarget "VideoCapture--Play" */;
			buildPhases = (
				BF6A46CE1B0B3FE30019DA04 /* Sources */,
				BF6A46CF1B0B3FE30019DA04 /* Frameworks */,
				BF6A46D01B0B3FE30019DA04 /* Resources */,
			);
			buildRules = (
			);
			dependencies = (
			);
			name = "VideoCapture--Play";
			productName = "VideoCapture--Play";
			productReference = BF6A46D21B0B3FE30019DA04 /* VideoCapture--Play.app */;
			productType = "com.apple.product-type.application";
		};
		BF6A46EA1B0B3FE30019DA04 /* VideoCapture--PlayTests */ = {
			isa = PBXNativeTarget;
			buildConfigurationList = BF6A46F81B0B3FE30019DA04 /* Build configuration list for PBXNativeTarget "VideoCapture--PlayTests" */;
			buildPhases = (
				BF6A46E71B0B3FE30019DA04 /* Sources */,
				BF6A46E81B0B3FE30019DA04 /* Frameworks */,
				BF6A46E91B0B3FE30019DA04 /* Resources */,
			);
			buildRules = (
			);
			dependencies = (
				BF6A46ED1B0B3FE30019DA04 /* PBXTargetDependency */,
			);
			name = "VideoCapture--PlayTests";
			productName = "VideoCapture--PlayTests";
			productReference = BF6A46EB1B0B3FE30019DA04 /* VideoCapture--PlayTests.xctest */;
			productType = "com.apple.product-type.bundle.unit-test";
		};
/* End PBXNativeTarget section */

/* Begin PBXProject section */
		BF6A46CA1B0B3FE30019DA04 /* Project object */ = {
			isa = PBXProject;
			attributes = {
				LastUpgradeCheck = 0630;
				ORGANIZATIONNAME = zhy;
				TargetAttributes = {
					BF6A46D11B0B3FE30019DA04 = {
						CreatedOnToolsVersion = 6.3.1;
					};
					BF6A46EA1B0B3FE30019DA04 = {
						CreatedOnToolsVersion = 6.3.1;
						TestTargetID = BF6A46D11B0B3FE30019DA04;
					};
				};
			};
			buildConfigurationList = BF6A46CD1B0B3FE30019DA04 /* Build configuration list for PBXProject "VideoCapture--Play" */;
			compatibilityVersion = "Xcode 3.2";
			developmentRegion = English;
			hasScannedForEncodings = 0;
			knownRegions = (
				en,
				Base,
			);
			mainGroup = BF6A46C91B0B3FE30019DA04;
			productRefGroup = BF6A46D31B0B3FE30019DA04 /* Products */;
			projectDirPath = "";
			projectRoot = "";
			targets = (
				BF6A46D11B0B3FE30019DA04 /* VideoCapture--Play */,
				BF6A46EA1B0B3FE30019DA04 /* VideoCapture--PlayTests */,
			);
		};
/* End PBXProject section */

/* Begin PBXResourcesBuildPhase section */
		BF6A46D01B0B3FE30019DA04 /* Resources */ = {
			isa = PBXResourcesBuildPhase;
			buildActionMask = 2147483647;
			files = (
				BF6A46E11B0B3FE30019DA04 /* Main.storyboard in Resources */,
				BF6A46E61B0B3FE30019DA04 /* LaunchScreen.xib in Resources */,
				BF6A46E31B0B3FE30019DA04 /* Images.xcassets in Resources */,
			);
			runOnlyForDeploymentPostprocessing = 0;
		};
		BF6A46E91B0B3FE30019DA04 /* Resources */ = {
			isa = PBXResourcesBuildPhase;
			buildActionMask = 2147483647;
			files = (
			);
			runOnlyForDeploymentPostprocessing = 0;
		};
/* End PBXResourcesBuildPhase section */

/* Begin PBXSourcesBuildPhase section */
		BF6A46CE1B0B3FE30019DA04 /* Sources */ = {
			isa = PBXSourcesBuildPhase;
			buildActionMask = 2147483647;
			files = (
				BF6A46DE1B0B3FE30019DA04 /* ViewController.m in Sources */,
				BF6A46DB1B0B3FE30019DA04 /* AppDelegate.m in Sources */,
				BF6A47021B0B405C0019DA04 /* README.md in Sources */,
				BF6A46D81B0B3FE30019DA04 /* main.m in Sources */,
				BF6A47041B0B405C0019DA04 /* thumVideoView.m in Sources */,
				BF6A47031B0B405C0019DA04 /* ShortVideoController.m in Sources */,
				BF6A47051B0B405C0019DA04 /* VideoRecord.m in Sources */,
			);
			runOnlyForDeploymentPostprocessing = 0;
		};
		BF6A46E71B0B3FE30019DA04 /* Sources */ = {
			isa = PBXSourcesBuildPhase;
			buildActionMask = 2147483647;
			files = (
				BF6A46F21B0B3FE30019DA04 /* VideoCapture__PlayTests.m in Sources */,
			);
			runOnlyForDeploymentPostprocessing = 0;
		};
/* End PBXSourcesBuildPhase section */

/* Begin PBXTargetDependency section */
		BF6A46ED1B0B3FE30019DA04 /* PBXTargetDependency */ = {
			isa = PBXTargetDependency;
			target = BF6A46D11B0B3FE30019DA04 /* VideoCapture--Play */;
			targetProxy = BF6A46EC1B0B3FE30019DA04 /* PBXContainerItemProxy */;
		};
/* End PBXTargetDependency section */

/* Begin PBXVariantGroup section */
		BF6A46DF1B0B3FE30019DA04 /* Main.storyboard */ = {
			isa = PBXVariantGroup;
			children = (
				BF6A46E01B0B3FE30019DA04 /* Base */,
			);
			name = Main.storyboard;
			sourceTree = "<group>";
		};
		BF6A46E41B0B3FE30019DA04 /* LaunchScreen.xib */ = {
			isa = PBXVariantGroup;
			children = (
				BF6A46E51B0B3FE30019DA04 /* Base */,
			);
			name = LaunchScreen.xib;
			sourceTree = "<group>";
		};
/* End PBXVariantGroup section */

/* Begin XCBuildConfiguration section */
		BF6A46F31B0B3FE30019DA04 /* Debug */ = {
			isa = XCBuildConfiguration;
			buildSettings = {
				ALWAYS_SEARCH_USER_PATHS = NO;
				CLANG_CXX_LANGUAGE_STANDARD = "gnu++0x";
				CLANG_CXX_LIBRARY = "libc++";
				CLANG_ENABLE_MODULES = YES;
				CLANG_ENABLE_OBJC_ARC = YES;
				CLANG_WARN_BOOL_CONVERSION = YES;
				CLANG_WARN_CONSTANT_CONVERSION = YES;
				CLANG_WARN_DIRECT_OBJC_ISA_USAGE = YES_ERROR;
				CLANG_WARN_EMPTY_BODY = YES;
				CLANG_WARN_ENUM_CONVERSION = YES;
				CLANG_WARN_INT_CONVERSION = YES;
				CLANG_WARN_OBJC_ROOT_CLASS = YES_ERROR;
				CLANG_WARN_UNREACHABLE_CODE = YES;
				CLANG_WARN__DUPLICATE_METHOD_MATCH = YES;
				"CODE_SIGN_IDENTITY[sdk=iphoneos*]" = "iPhone Developer";
				COPY_PHASE_STRIP = NO;
				DEBUG_INFORMATION_FORMAT = "dwarf-with-dsym";
				ENABLE_STRICT_OBJC_MSGSEND = YES;
				GCC_C_LANGUAGE_STANDARD = gnu99;
				GCC_DYNAMIC_NO_PIC = NO;
				GCC_NO_COMMON_BLOCKS = YES;
				GCC_OPTIMIZATION_LEVEL = 0;
				GCC_PREPROCESSOR_DEFINITIONS = (
					"DEBUG=1",
					"$(inherited)",
				);
				GCC_SYMBOLS_PRIVATE_EXTERN = NO;
				GCC_WARN_64_TO_32_BIT_CONVERSION = YES;
				GCC_WARN_ABOUT_RETURN_TYPE = YES_ERROR;
				GCC_WARN_UNDECLARED_SELECTOR = YES;
				GCC_WARN_UNINITIALIZED_AUTOS = YES_AGGRESSIVE;
				GCC_WARN_UNUSED_FUNCTION = YES;
				GCC_WARN_UNUSED_VARIABLE = YES;
				IPHONEOS_DEPLOYMENT_TARGET = 7.0;
				MTL_ENABLE_DEBUG_INFO = YES;
				ONLY_ACTIVE_ARCH = YES;
				SDKROOT = iphoneos;
			};
			name = Debug;
		};
		BF6A46F41B0B3FE30019DA04 /* Release */ = {
			isa = XCBuildConfiguration;
			buildSettings = {
				ALWAYS_SEARCH_USER_PATHS = NO;
				CLANG_CXX_LANGUAGE_STANDARD = "gnu++0x";
				CLANG_CXX_LIBRARY = "libc++";
				CLANG_ENABLE_MODULES = YES;
				CLANG_ENABLE_OBJC_ARC = YES;
				CLANG_WARN_BOOL_CONVERSION = YES;
				CLANG_WARN_CONSTANT_CONVERSION = YES;
				CLANG_WARN_DIRECT_OBJC_ISA_USAGE = YES_ERROR;
				CLANG_WARN_EMPTY_BODY = YES;
				CLANG_WARN_ENUM_CONVERSION = YES;
				CLANG_WARN_INT_CONVERSION = YES;
				CLANG_WARN_OBJC_ROOT_CLASS = YES_ERROR;
				CLANG_WARN_UNREACHABLE_CODE = YES;
				CLANG_WARN__DUPLICATE_METHOD_MATCH = YES;
				"CODE_SIGN_IDENTITY[sdk=iphoneos*]" = "iPhone Developer";
				COPY_PHASE_STRIP = NO;
				DEBUG_INFORMATION_FORMAT = "dwarf-with-dsym";
				ENABLE_NS_ASSERTIONS = NO;
				ENABLE_STRICT_OBJC_MSGSEND = YES;
				GCC_C_LANGUAGE_STANDARD = gnu99;
				GCC_NO_COMMON_BLOCKS = YES;
				GCC_WARN_64_TO_32_BIT_CONVERSION = YES;
				GCC_WARN_ABOUT_RETURN_TYPE = YES_ERROR;
				GCC_WARN_UNDECLARED_SELECTOR = YES;
				GCC_WARN_UNINITIALIZED_AUTOS = YES_AGGRESSIVE;
				GCC_WARN_UNUSED_FUNCTION = YES;
				GCC_WARN_UNUSED_VARIABLE = YES;
				IPHONEOS_DEPLOYMENT_TARGET = 7.0;
				MTL_ENABLE_DEBUG_INFO = NO;
				SDKROOT = iphoneos;
				VALIDATE_PRODUCT = YES;
			};
			name = Release;
		};
		BF6A46F61B0B3FE30019DA04 /* Debug */ = {
			isa = XCBuildConfiguration;
			buildSettings = {
				ASSETCATALOG_COMPILER_APPICON_NAME = AppIcon;
				INFOPLIST_FILE = "VideoCapture--Play/Info.plist";
				IPHONEOS_DEPLOYMENT_TARGET = 6.1;
				LD_RUNPATH_SEARCH_PATHS = "$(inherited) @executable_path/Frameworks";
				PRODUCT_NAME = "$(TARGET_NAME)";
			};
			name = Debug;
		};
		BF6A46F71B0B3FE30019DA04 /* Release */ = {
			isa = XCBuildConfiguration;
			buildSettings = {
				ASSETCATALOG_COMPILER_APPICON_NAME = AppIcon;
				INFOPLIST_FILE = "VideoCapture--Play/Info.plist";
				IPHONEOS_DEPLOYMENT_TARGET = 6.1;
				LD_RUNPATH_SEARCH_PATHS = "$(inherited) @executable_path/Frameworks";
				PRODUCT_NAME = "$(TARGET_NAME)";
			};
			name = Release;
		};
		BF6A46F91B0B3FE30019DA04 /* Debug */ = {
			isa = XCBuildConfiguration;
			buildSettings = {
				BUNDLE_LOADER = "$(TEST_HOST)";
				FRAMEWORK_SEARCH_PATHS = (
					"$(SDKROOT)/Developer/Library/Frameworks",
					"$(inherited)",
				);
				GCC_PREPROCESSOR_DEFINITIONS = (
					"DEBUG=1",
					"$(inherited)",
				);
				INFOPLIST_FILE = "VideoCapture--PlayTests/Info.plist";
				LD_RUNPATH_SEARCH_PATHS = "$(inherited) @executable_path/Frameworks @loader_path/Frameworks";
				PRODUCT_NAME = "$(TARGET_NAME)";
				TEST_HOST = "$(BUILT_PRODUCTS_DIR)/VideoCapture--Play.app/VideoCapture--Play";
			};
			name = Debug;
		};
		BF6A46FA1B0B3FE30019DA04 /* Release */ = {
			isa = XCBuildConfiguration;
			buildSettings = {
				BUNDLE_LOADER = "$(TEST_HOST)";
				FRAMEWORK_SEARCH_PATHS = (
					"$(SDKROOT)/Developer/Library/Frameworks",
					"$(inherited)",
				);
				INFOPLIST_FILE = "VideoCapture--PlayTests/Info.plist";
				LD_RUNPATH_SEARCH_PATHS = "$(inherited) @executable_path/Frameworks @loader_path/Frameworks";
				PRODUCT_NAME = "$(TARGET_NAME)";
				TEST_HOST = "$(BUILT_PRODUCTS_DIR)/VideoCapture--Play.app/VideoCapture--Play";
			};
			name = Release;
		};
/* End XCBuildConfiguration section */

/* Begin XCConfigurationList section */
		BF6A46CD1B0B3FE30019DA04 /* Build configuration list for PBXProject "VideoCapture--Play" */ = {
			isa = XCConfigurationList;
			buildConfigurations = (
				BF6A46F31B0B3FE30019DA04 /* Debug */,
				BF6A46F41B0B3FE30019DA04 /* Release */,
			);
			defaultConfigurationIsVisible = 0;
			defaultConfigurationName = Release;
		};
		BF6A46F51B0B3FE30019DA04 /* Build configuration list for PBXNativeTarget "VideoCapture--Play" */ = {
			isa = XCConfigurationList;
			buildConfigurations = (
				BF6A46F61B0B3FE30019DA04 /* Debug */,
				BF6A46F71B0B3FE30019DA04 /* Release */,
			);
			defaultConfigurationIsVisible = 0;
			defaultConfigurationName = Release;
		};
		BF6A46F81B0B3FE30019DA04 /* Build configuration list for PBXNativeTarget "VideoCapture--PlayTests" */ = {
			isa = XCConfigurationList;
			buildConfigurations = (
				BF6A46F91B0B3FE30019DA04 /* Debug */,
				BF6A46FA1B0B3FE30019DA04 /* Release */,
			);
			defaultConfigurationIsVisible = 0;
			defaultConfigurationName = Release;
		};
/* End XCConfigurationList section */
	};
	rootObject = BF6A46CA1B0B3FE30019DA04 /* Project object */;
}
